// !$*UTF8*$!
{
	archiveVersion = 1;
	classes = {
	};
	objectVersion = 46;
	objects = {

/* Begin PBXBuildFile section */
		5D7CB3F21AAB5315003B9436 /* main.m in Sources */ = {isa = PBXBuildFile; fileRef = 5D7CB3F11AAB5315003B9436 /* main.m */; };
		5D7CB3F51AAB5315003B9436 /* AppDelegate.m in Sources */ = {isa = PBXBuildFile; fileRef = 5D7CB3F41AAB5315003B9436 /* AppDelegate.m */; };
		5D7CB3F81AAB5315003B9436 /* Ludow.xcdatamodeld in Sources */ = {isa = PBXBuildFile; fileRef = 5D7CB3F61AAB5315003B9436 /* Ludow.xcdatamodeld */; };
		5D7CB3FB1AAB5315003B9436 /* ViewController.m in Sources */ = {isa = PBXBuildFile; fileRef = 5D7CB3FA1AAB5315003B9436 /* ViewController.m */; };
		5D7CB3FE1AAB5315003B9436 /* Main.storyboard in Resources */ = {isa = PBXBuildFile; fileRef = 5D7CB3FC1AAB5315003B9436 /* Main.storyboard */; };
		5D7CB4001AAB5315003B9436 /* Images.xcassets in Resources */ = {isa = PBXBuildFile; fileRef = 5D7CB3FF1AAB5315003B9436 /* Images.xcassets */; };
		5D7CB4031AAB5315003B9436 /* LaunchScreen.xib in Resources */ = {isa = PBXBuildFile; fileRef = 5D7CB4011AAB5315003B9436 /* LaunchScreen.xib */; };
		5D7CB40F1AAB5315003B9436 /* LudowTests.m in Sources */ = {isa = PBXBuildFile; fileRef = 5D7CB40E1AAB5315003B9436 /* LudowTests.m */; };
/* End PBXBuildFile section */

/* Begin PBXContainerItemProxy section */
		5D7CB4091AAB5315003B9436 /* PBXContainerItemProxy */ = {
			isa = PBXContainerItemProxy;
			containerPortal = 5D7CB3E41AAB5315003B9436 /* Project object */;
			proxyType = 1;
			remoteGlobalIDString = 5D7CB3EB1AAB5315003B9436;
			remoteInfo = Ludow;
		};
/* End PBXContainerItemProxy section */

/* Begin PBXFileReference section */
		5D7CB3EC1AAB5315003B9436 /* Ludow.app */ = {isa = PBXFileReference; explicitFileType = wrapper.application; includeInIndex = 0; path = Ludow.app; sourceTree = BUILT_PRODUCTS_DIR; };
		5D7CB3F01AAB5315003B9436 /* Info.plist */ = {isa = PBXFileReference; lastKnownFileType = text.plist.xml; path = Info.plist; sourceTree = "<group>"; };
		5D7CB3F11AAB5315003B9436 /* main.m */ = {isa = PBXFileReference; lastKnownFileType = sourcecode.c.objc; path = main.m; sourceTree = "<group>"; };
		5D7CB3F31AAB5315003B9436 /* AppDelegate.h */ = {isa = PBXFileReference; lastKnownFileType = sourcecode.c.h; path = AppDelegate.h; sourceTree = "<group>"; };
		5D7CB3F41AAB5315003B9436 /* AppDelegate.m */ = {isa = PBXFileReference; lastKnownFileType = sourcecode.c.objc; path = AppDelegate.m; sourceTree = "<group>"; };
		5D7CB3F71AAB5315003B9436 /* Ludow.xcdatamodel */ = {isa = PBXFileReference; lastKnownFileType = wrapper.xcdatamodel; path = Ludow.xcdatamodel; sourceTree = "<group>"; };
		5D7CB3F91AAB5315003B9436 /* ViewController.h */ = {isa = PBXFileReference; lastKnownFileType = sourcecode.c.h; path = ViewController.h; sourceTree = "<group>"; };
		5D7CB3FA1AAB5315003B9436 /* ViewController.m */ = {isa = PBXFileReference; lastKnownFileType = sourcecode.c.objc; path = ViewController.m; sourceTree = "<group>"; };
		5D7CB3FD1AAB5315003B9436 /* Base */ = {isa = PBXFileReference; lastKnownFileType = file.storyboard; name = Base; path = Base.lproj/Main.storyboard; sourceTree = "<group>"; };
		5D7CB3FF1AAB5315003B9436 /* Images.xcassets */ = {isa = PBXFileReference; lastKnownFileType = folder.assetcatalog; path = Images.xcassets; sourceTree = "<group>"; };
		5D7CB4021AAB5315003B9436 /* Base */ = {isa = PBXFileReference; lastKnownFileType = file.xib; name = Base; path = Base.lproj/LaunchScreen.xib; sourceTree = "<group>"; };
		5D7CB4081AAB5315003B9436 /* LudowTests.xctest */ = {isa = PBXFileReference; explicitFileType = wrapper.cfbundle; includeInIndex = 0; path = LudowTests.xctest; sourceTree = BUILT_PRODUCTS_DIR; };
		5D7CB40D1AAB5315003B9436 /* Info.plist */ = {isa = PBXFileReference; lastKnownFileType = text.plist.xml; path = Info.plist; sourceTree = "<group>"; };
		5D7CB40E1AAB5315003B9436 /* LudowTests.m */ = {isa = PBXFileReference; lastKnownFileType = sourcecode.c.objc; path = LudowTests.m; sourceTree = "<group>"; };
/* End PBXFileReference section */

/* Begin PBXFrameworksBuildPhase section */
		5D7CB3E91AAB5315003B9436 /* Frameworks */ = {
			isa = PBXFrameworksBuildPhase;
			buildActionMask = 2147483647;
			files = (
			);
			runOnlyForDeploymentPostprocessing = 0;
		};
		5D7CB4051AAB5315003B9436 /* Frameworks */ = {
			isa = PBXFrameworksBuildPhase;
			buildActionMask = 2147483647;
			files = (
			);
			runOnlyForDeploymentPostprocessing = 0;
		};
/* End PBXFrameworksBuildPhase section */

/* Begin PBXGroup section */
		5D7CB3E31AAB5315003B9436 = {
			isa = PBXGroup;
			children = (
				5D7CB3EE1AAB5315003B9436 /* Ludow */,
				5D7CB40B1AAB5315003B9436 /* LudowTests */,
				5D7CB3ED1AAB5315003B9436 /* Products */,
			);
			sourceTree = "<group>";
		};
		5D7CB3ED1AAB5315003B9436 /* Products */ = {
			isa = PBXGroup;
			children = (
				5D7CB3EC1AAB5315003B9436 /* Ludow.app */,
				5D7CB4081AAB5315003B9436 /* LudowTests.xctest */,
			);
			name = Products;
			sourceTree = "<group>";
		};
		5D7CB3EE1AAB5315003B9436 /* Ludow */ = {
			isa = PBXGroup;
			children = (
				5D7CB3F31AAB5315003B9436 /* AppDelegate.h */,
				5D7CB3F41AAB5315003B9436 /* AppDelegate.m */,
				5D7CB3F91AAB5315003B9436 /* ViewController.h */,
				5D7CB3FA1AAB5315003B9436 /* ViewController.m */,
				5D7CB3FC1AAB5315003B9436 /* Main.storyboard */,
				5D7CB3FF1AAB5315003B9436 /* Images.xcassets */,
				5D7CB4011AAB5315003B9436 /* LaunchScreen.xib */,
				5D7CB3F61AAB5315003B9436 /* Ludow.xcdatamodeld */,
				5D7CB3EF1AAB5315003B9436 /* Supporting Files */,
			);
			path = Ludow;
			sourceTree = "<group>";
		};
		5D7CB3EF1AAB5315003B9436 /* Supporting Files */ = {
			isa = PBXGroup;
			children = (
				5D7CB3F01AAB5315003B9436 /* Info.plist */,
				5D7CB3F11AAB5315003B9436 /* main.m */,
			);
			name = "Supporting Files";
			sourceTree = "<group>";
		};
		5D7CB40B1AAB5315003B9436 /* LudowTests */ = {
			isa = PBXGroup;
			children = (
				5D7CB40E1AAB5315003B9436 /* LudowTests.m */,
				5D7CB40C1AAB5315003B9436 /* Supporting Files */,
			);
			path = LudowTests;
			sourceTree = "<group>";
		};
		5D7CB40C1AAB5315003B9436 /* Supporting Files */ = {
			isa = PBXGroup;
			children = (
				5D7CB40D1AAB5315003B9436 /* Info.plist */,
			);
			name = "Supporting Files";
			sourceTree = "<group>";
		};
/* End PBXGroup section */

/* Begin PBXNativeTarget section */
		5D7CB3EB1AAB5315003B9436 /* Ludow */ = {
			isa = PBXNativeTarget;
			buildConfigurationList = 5D7CB4121AAB5315003B9436 /* Build configuration list for PBXNativeTarget "Ludow" */;
			buildPhases = (
				5D7CB3E81AAB5315003B9436 /* Sources */,
				5D7CB3E91AAB5315003B9436 /* Frameworks */,
				5D7CB3EA1AAB5315003B9436 /* Resources */,
			);
			buildRules = (
			);
			dependencies = (
			);
			name = Ludow;
			productName = Ludow;
			productReference = 5D7CB3EC1AAB5315003B9436 /* Ludow.app */;
			productType = "com.apple.product-type.application";
		};
		5D7CB4071AAB5315003B9436 /* LudowTests */ = {
			isa = PBXNativeTarget;
			buildConfigurationList = 5D7CB4151AAB5315003B9436 /* Build configuration list for PBXNativeTarget "LudowTests" */;
			buildPhases = (
				5D7CB4041AAB5315003B9436 /* Sources */,
				5D7CB4051AAB5315003B9436 /* Frameworks */,
				5D7CB4061AAB5315003B9436 /* Resources */,
			);
			buildRules = (
			);
			dependencies = (
				5D7CB40A1AAB5315003B9436 /* PBXTargetDependency */,
			);
			name = LudowTests;
			productName = LudowTests;
			productReference = 5D7CB4081AAB5315003B9436 /* LudowTests.xctest */;
			productType = "com.apple.product-type.bundle.unit-test";
		};
/* End PBXNativeTarget section */

/* Begin PBXProject section */
		5D7CB3E41AAB5315003B9436 /* Project object */ = {
			isa = PBXProject;
			attributes = {
				LastUpgradeCheck = 0610;
				ORGANIZATIONNAME = "GESTREM-AJACQUEZ";
				TargetAttributes = {
					5D7CB3EB1AAB5315003B9436 = {
						CreatedOnToolsVersion = 6.1.1;
					};
					5D7CB4071AAB5315003B9436 = {
						CreatedOnToolsVersion = 6.1.1;
						TestTargetID = 5D7CB3EB1AAB5315003B9436;
					};
				};
			};
			buildConfigurationList = 5D7CB3E71AAB5315003B9436 /* Build configuration list for PBXProject "Ludow" */;
			compatibilityVersion = "Xcode 3.2";
			developmentRegion = English;
			hasScannedForEncodings = 0;
			knownRegions = (
				en,
				Base,
			);
			mainGroup = 5D7CB3E31AAB5315003B9436;
			productRefGroup = 5D7CB3ED1AAB5315003B9436 /* Products */;
			projectDirPath = "";
			projectRoot = "";
			targets = (
				5D7CB3EB1AAB5315003B9436 /* Ludow */,
				5D7CB4071AAB5315003B9436 /* LudowTests */,
			);
		};
/* End PBXProject section */

/* Begin PBXResourcesBuildPhase section */
		5D7CB3EA1AAB5315003B9436 /* Resources */ = {
			isa = PBXResourcesBuildPhase;
			buildActionMask = 2147483647;
			files = (
				5D7CB3FE1AAB5315003B9436 /* Main.storyboard in Resources */,
				5D7CB4031AAB5315003B9436 /* LaunchScreen.xib in Resources */,
				5D7CB4001AAB5315003B9436 /* Images.xcassets in Resources */,
			);
			runOnlyForDeploymentPostprocessing = 0;
		};
		5D7CB4061AAB5315003B9436 /* Resources */ = {
			isa = PBXResourcesBuildPhase;
			buildActionMask = 2147483647;
			files = (
			);
			runOnlyForDeploymentPostprocessing = 0;
		};
/* End PBXResourcesBuildPhase section */

/* Begin PBXSourcesBuildPhase section */
		5D7CB3E81AAB5315003B9436 /* Sources */ = {
			isa = PBXSourcesBuildPhase;
			buildActionMask = 2147483647;
			files = (
				5D7CB3F81AAB5315003B9436 /* Ludow.xcdatamodeld in Sources */,
				5D7CB3F51AAB5315003B9436 /* AppDelegate.m in Sources */,
				5D7CB3FB1AAB5315003B9436 /* ViewController.m in Sources */,
				5D7CB3F21AAB5315003B9436 /* main.m in Sources */,
			);
			runOnlyForDeploymentPostprocessing = 0;
		};
		5D7CB4041AAB5315003B9436 /* Sources */ = {
			isa = PBXSourcesBuildPhase;
			buildActionMask = 2147483647;
			files = (
				5D7CB40F1AAB5315003B9436 /* LudowTests.m in Sources */,
			);
			runOnlyForDeploymentPostprocessing = 0;
		};
/* End PBXSourcesBuildPhase section */

/* Begin PBXTargetDependency section */
		5D7CB40A1AAB5315003B9436 /* PBXTargetDependency */ = {
			isa = PBXTargetDependency;
			target = 5D7CB3EB1AAB5315003B9436 /* Ludow */;
			targetProxy = 5D7CB4091AAB5315003B9436 /* PBXContainerItemProxy */;
		};
/* End PBXTargetDependency section */

/* Begin PBXVariantGroup section */
		5D7CB3FC1AAB5315003B9436 /* Main.storyboard */ = {
			isa = PBXVariantGroup;
			children = (
				5D7CB3FD1AAB5315003B9436 /* Base */,
			);
			name = Main.storyboard;
			sourceTree = "<group>";
		};
		5D7CB4011AAB5315003B9436 /* LaunchScreen.xib */ = {
			isa = PBXVariantGroup;
			children = (
				5D7CB4021AAB5315003B9436 /* Base */,
			);
			name = LaunchScreen.xib;
			sourceTree = "<group>";
		};
/* End PBXVariantGroup section */

/* Begin XCBuildConfiguration section */
		5D7CB4101AAB5315003B9436 /* Debug */ = {
			isa = XCBuildConfiguration;
			buildSettings = {
				ALWAYS_SEARCH_USER_PATHS = NO;
				CLANG_CXX_LANGUAGE_STANDARD = "gnu++0x";
				CLANG_CXX_LIBRARY = "libc++";
				CLANG_ENABLE_MODULES = YES;
				CLANG_ENABLE_OBJC_ARC = YES;
				CLANG_WARN_BOOL_CONVERSION = YES;
				CLANG_WARN_CONSTANT_CONVERSION = YES;
				CLANG_WARN_DIRECT_OBJC_ISA_USAGE = YES_ERROR;
				CLANG_WARN_EMPTY_BODY = YES;
				CLANG_WARN_ENUM_CONVERSION = YES;
				CLANG_WARN_INT_CONVERSION = YES;
				CLANG_WARN_OBJC_ROOT_CLASS = YES_ERROR;
				CLANG_WARN_UNREACHABLE_CODE = YES;
				CLANG_WARN__DUPLICATE_METHOD_MATCH = YES;
				"CODE_SIGN_IDENTITY[sdk=iphoneos*]" = "iPhone Developer";
				COPY_PHASE_STRIP = NO;
				ENABLE_STRICT_OBJC_MSGSEND = YES;
				GCC_C_LANGUAGE_STANDARD = gnu99;
				GCC_DYNAMIC_NO_PIC = NO;
				GCC_OPTIMIZATION_LEVEL = 0;
				GCC_PREPROCESSOR_DEFINITIONS = (
					"DEBUG=1",
					"$(inherited)",
				);
				GCC_SYMBOLS_PRIVATE_EXTERN = NO;
				GCC_WARN_64_TO_32_BIT_CONVERSION = YES;
				GCC_WARN_ABOUT_RETURN_TYPE = YES_ERROR;
				GCC_WARN_UNDECLARED_SELECTOR = YES;
				GCC_WARN_UNINITIALIZED_AUTOS = YES_AGGRESSIVE;
				GCC_WARN_UNUSED_FUNCTION = YES;
				GCC_WARN_UNUSED_VARIABLE = YES;
				IPHONEOS_DEPLOYMENT_TARGET = 8.1;
				MTL_ENABLE_DEBUG_INFO = YES;
				ONLY_ACTIVE_ARCH = YES;
				SDKROOT = iphoneos;
			};
			name = Debug;
		};
		5D7CB4111AAB5315003B9436 /* Release */ = {
			isa = XCBuildConfiguration;
			buildSettings = {
				ALWAYS_SEARCH_USER_PATHS = NO;
				CLANG_CXX_LANGUAGE_STANDARD = "gnu++0x";
				CLANG_CXX_LIBRARY = "libc++";
				CLANG_ENABLE_MODULES = YES;
				CLANG_ENABLE_OBJC_ARC = YES;
				CLANG_WARN_BOOL_CONVERSION = YES;
				CLANG_WARN_CONSTANT_CONVERSION = YES;
				CLANG_WARN_DIRECT_OBJC_ISA_USAGE = YES_ERROR;
				CLANG_WARN_EMPTY_BODY = YES;
				CLANG_WARN_ENUM_CONVERSION = YES;
				CLANG_WARN_INT_CONVERSION = YES;
				CLANG_WARN_OBJC_ROOT_CLASS = YES_ERROR;
				CLANG_WARN_UNREACHABLE_CODE = YES;
				CLANG_WARN__DUPLICATE_METHOD_MATCH = YES;
				"CODE_SIGN_IDENTITY[sdk=iphoneos*]" = "iPhone Developer";
				COPY_PHASE_STRIP = YES;
				ENABLE_NS_ASSERTIONS = NO;
				ENABLE_STRICT_OBJC_MSGSEND = YES;
				GCC_C_LANGUAGE_STANDARD = gnu99;
				GCC_WARN_64_TO_32_BIT_CONVERSION = YES;
				GCC_WARN_ABOUT_RETURN_TYPE = YES_ERROR;
				GCC_WARN_UNDECLARED_SELECTOR = YES;
				GCC_WARN_UNINITIALIZED_AUTOS = YES_AGGRESSIVE;
				GCC_WARN_UNUSED_FUNCTION = YES;
				GCC_WARN_UNUSED_VARIABLE = YES;
				IPHONEOS_DEPLOYMENT_TARGET = 8.1;
				MTL_ENABLE_DEBUG_INFO = NO;
				SDKROOT = iphoneos;
				VALIDATE_PRODUCT = YES;
			};
			name = Release;
		};
		5D7CB4131AAB5315003B9436 /* Debug */ = {
			isa = XCBuildConfiguration;
			buildSettings = {
				ASSETCATALOG_COMPILER_APPICON_NAME = AppIcon;
				INFOPLIST_FILE = Ludow/Info.plist;
				LD_RUNPATH_SEARCH_PATHS = "$(inherited) @executable_path/Frameworks";
				PRODUCT_NAME = "$(TARGET_NAME)";
			};
			name = Debug;
		};
		5D7CB4141AAB5315003B9436 /* Release */ = {
			isa = XCBuildConfiguration;
			buildSettings = {
				ASSETCATALOG_COMPILER_APPICON_NAME = AppIcon;
				INFOPLIST_FILE = Ludow/Info.plist;
				LD_RUNPATH_SEARCH_PATHS = "$(inherited) @executable_path/Frameworks";
				PRODUCT_NAME = "$(TARGET_NAME)";
			};
			name = Release;
		};
		5D7CB4161AAB5315003B9436 /* Debug */ = {
			isa = XCBuildConfiguration;
			buildSettings = {
				BUNDLE_LOADER = "$(TEST_HOST)";
				FRAMEWORK_SEARCH_PATHS = (
					"$(SDKROOT)/Developer/Library/Frameworks",
					"$(inherited)",
				);
				GCC_PREPROCESSOR_DEFINITIONS = (
					"DEBUG=1",
					"$(inherited)",
				);
				INFOPLIST_FILE = LudowTests/Info.plist;
				LD_RUNPATH_SEARCH_PATHS = "$(inherited) @executable_path/Frameworks @loader_path/Frameworks";
				PRODUCT_NAME = "$(TARGET_NAME)";
				TEST_HOST = "$(BUILT_PRODUCTS_DIR)/Ludow.app/Ludow";
			};
			name = Debug;
		};
		5D7CB4171AAB5315003B9436 /* Release */ = {
			isa = XCBuildConfiguration;
			buildSettings = {
				BUNDLE_LOADER = "$(TEST_HOST)";
				FRAMEWORK_SEARCH_PATHS = (
					"$(SDKROOT)/Developer/Library/Frameworks",
					"$(inherited)",
				);
				INFOPLIST_FILE = LudowTests/Info.plist;
				LD_RUNPATH_SEARCH_PATHS = "$(inherited) @executable_path/Frameworks @loader_path/Frameworks";
				PRODUCT_NAME = "$(TARGET_NAME)";
				TEST_HOST = "$(BUILT_PRODUCTS_DIR)/Ludow.app/Ludow";
			};
			name = Release;
		};
/* End XCBuildConfiguration section */

/* Begin XCConfigurationList section */
		5D7CB3E71AAB5315003B9436 /* Build configuration list for PBXProject "Ludow" */ = {
			isa = XCConfigurationList;
			buildConfigurations = (
				5D7CB4101AAB5315003B9436 /* Debug */,
				5D7CB4111AAB5315003B9436 /* Release */,
			);
			defaultConfigurationIsVisible = 0;
			defaultConfigurationName = Release;
		};
		5D7CB4121AAB5315003B9436 /* Build configuration list for PBXNativeTarget "Ludow" */ = {
			isa = XCConfigurationList;
			buildConfigurations = (
				5D7CB4131AAB5315003B9436 /* Debug */,
				5D7CB4141AAB5315003B9436 /* Release */,
			);
			defaultConfigurationIsVisible = 0;
		};
		5D7CB4151AAB5315003B9436 /* Build configuration list for PBXNativeTarget "LudowTests" */ = {
			isa = XCConfigurationList;
			buildConfigurations = (
				5D7CB4161AAB5315003B9436 /* Debug */,
				5D7CB4171AAB5315003B9436 /* Release */,
			);
			defaultConfigurationIsVisible = 0;
		};
/* End XCConfigurationList section */

/* Begin XCVersionGroup section */
		5D7CB3F61AAB5315003B9436 /* Ludow.xcdatamodeld */ = {
			isa = XCVersionGroup;
			children = (
				5D7CB3F71AAB5315003B9436 /* Ludow.xcdatamodel */,
			);
			currentVersion = 5D7CB3F71AAB5315003B9436 /* Ludow.xcdatamodel */;
			path = Ludow.xcdatamodeld;
			sourceTree = "<group>";
			versionGroupType = wrapper.xcdatamodel;
		};
/* End XCVersionGroup section */
	};
	rootObject = 5D7CB3E41AAB5315003B9436 /* Project object */;
}
